
Microsoft Visual Studio Solution File, Format Version 12.00
# Visual Studio Version 16
VisualStudioVersion = 16.0.31911.196
MinimumVisualStudioVersion = 10.0.40219.1
Project("{9A19103F-16F7-4668-BE54-9A1E7A4F7556}") = "Rasmus_labb3_API", "Rasmus_Labb3_Api\Rasmus_labb3_API.csproj", "{AF65BAC1-290C-414F-B123-D1565F5FD582}"
EndProject
Project("{9A19103F-16F7-4668-BE54-9A1E7A4F7556}") = "Rasmus_labb3_Models", "Rasmus_Labb3_Models\Rasmus_labb3_Models.csproj", "{8580C77C-685C-42C5-9466-E7617797715C}"
EndProject
Global
	GlobalSection(SolutionConfigurationPlatforms) = preSolution
		Debug|Any CPU = Debug|Any CPU
		Release|Any CPU = Release|Any CPU
	EndGlobalSection
	GlobalSection(ProjectConfigurationPlatforms) = postSolution
		{AF65BAC1-290C-414F-B123-D1565F5FD582}.Debug|Any CPU.ActiveCfg = Debug|Any CPU
		{AF65BAC1-290C-414F-B123-D1565F5FD582}.Debug|Any CPU.Build.0 = Debug|Any CPU
		{AF65BAC1-290C-414F-B123-D1565F5FD582}.Release|Any CPU.ActiveCfg = Release|Any CPU
		{AF65BAC1-290C-414F-B123-D1565F5FD582}.Release|Any CPU.Build.0 = Release|Any CPU
		{8580C77C-685C-42C5-9466-E7617797715C}.Debug|Any CPU.ActiveCfg = Debug|Any CPU
		{8580C77C-685C-42C5-9466-E7617797715C}.Debug|Any CPU.Build.0 = Debug|Any CPU
		{8580C77C-685C-42C5-9466-E7617797715C}.Release|Any CPU.ActiveCfg = Release|Any CPU
		{8580C77C-685C-42C5-9466-E7617797715C}.Release|Any CPU.Build.0 = Release|Any CPU
	EndGlobalSection
	GlobalSection(SolutionProperties) = preSolution
		HideSolutionNode = FALSE
	EndGlobalSection
	GlobalSection(ExtensibilityGlobals) = postSolution
		SolutionGuid = {4E128867-D127-4A93-A463-D2B3ABD254A2}
	EndGlobalSection
EndGlobal
